
Microsoft Visual Studio Solution File, Format Version 12.00
# Visual Studio Version 16
VisualStudioVersion = 16.0.32602.291
MinimumVisualStudioVersion = 10.0.40219.1
Project("{FAE04EC0-301F-11D3-BF4B-00C04F79EFBC}") = "EmailApp.App", "EmailApp.App\EmailApp.App.csproj", "{94B23F95-8555-44FA-9A27-4FF8A9FB6CFC}"
EndProject
Global
	GlobalSection(SolutionConfigurationPlatforms) = preSolution
		Debug|Any CPU = Debug|Any CPU
		Release|Any CPU = Release|Any CPU
	EndGlobalSection
	GlobalSection(ProjectConfigurationPlatforms) = postSolution
		{94B23F95-8555-44FA-9A27-4FF8A9FB6CFC}.Debug|Any CPU.ActiveCfg = Debug|Any CPU
		{94B23F95-8555-44FA-9A27-4FF8A9FB6CFC}.Debug|Any CPU.Build.0 = Debug|Any CPU
		{94B23F95-8555-44FA-9A27-4FF8A9FB6CFC}.Release|Any CPU.ActiveCfg = Release|Any CPU
		{94B23F95-8555-44FA-9A27-4FF8A9FB6CFC}.Release|Any CPU.Build.0 = Release|Any CPU
	EndGlobalSection
	GlobalSection(SolutionProperties) = preSolution
		HideSolutionNode = FALSE
	EndGlobalSection
	GlobalSection(ExtensibilityGlobals) = postSolution
		SolutionGuid = {EF82FF34-6702-4072-A571-1B989AD6D234}
	EndGlobalSection
EndGlobal
